
Microsoft Visual Studio Solution File, Format Version 12.00
# Visual Studio Version 17
VisualStudioVersion = 17.4.33213.308
MinimumVisualStudioVersion = 10.0.40219.1
Project("{FAE04EC0-301F-11D3-BF4B-00C04F79EFBC}") = "Project 01", "Project 01\Project 01.csproj", "{5F3387AD-6AE8-40E8-91E3-49004CAFF1DB}"
EndProject
Global
	GlobalSection(SolutionConfigurationPlatforms) = preSolution
		Debug|Any CPU = Debug|Any CPU
		Release|Any CPU = Release|Any CPU
	EndGlobalSection
	GlobalSection(ProjectConfigurationPlatforms) = postSolution
		{5F3387AD-6AE8-40E8-91E3-49004CAFF1DB}.Debug|Any CPU.ActiveCfg = Debug|Any CPU
		{5F3387AD-6AE8-40E8-91E3-49004CAFF1DB}.Debug|Any CPU.Build.0 = Debug|Any CPU
		{5F3387AD-6AE8-40E8-91E3-49004CAFF1DB}.Release|Any CPU.ActiveCfg = Release|Any CPU
		{5F3387AD-6AE8-40E8-91E3-49004CAFF1DB}.Release|Any CPU.Build.0 = Release|Any CPU
	EndGlobalSection
	GlobalSection(SolutionProperties) = preSolution
		HideSolutionNode = FALSE
	EndGlobalSection
	GlobalSection(ExtensibilityGlobals) = postSolution
		SolutionGuid = {1656934D-AE96-4370-A3BE-819A26A72151}
	EndGlobalSection
EndGlobal
